
Microsoft Visual Studio Solution File, Format Version 12.00
# Visual Studio Version 16
VisualStudioVersion = 16.0.30517.126
MinimumVisualStudioVersion = 10.0.40219.1
Project("{FAE04EC0-301F-11D3-BF4B-00C04F79EFBC}") = "RhNetAPI", "RhNetAPI\RhNetAPI.csproj", "{CA5BFBA7-E4A4-4481-9A00-6C597335C65B}"
EndProject
Global
	GlobalSection(SolutionConfigurationPlatforms) = preSolution
		Debug|Any CPU = Debug|Any CPU
		Release|Any CPU = Release|Any CPU
	EndGlobalSection
	GlobalSection(ProjectConfigurationPlatforms) = postSolution
		{CA5BFBA7-E4A4-4481-9A00-6C597335C65B}.Debug|Any CPU.ActiveCfg = Debug|Any CPU
		{CA5BFBA7-E4A4-4481-9A00-6C597335C65B}.Debug|Any CPU.Build.0 = Debug|Any CPU
		{CA5BFBA7-E4A4-4481-9A00-6C597335C65B}.Release|Any CPU.ActiveCfg = Release|Any CPU
		{CA5BFBA7-E4A4-4481-9A00-6C597335C65B}.Release|Any CPU.Build.0 = Release|Any CPU
	EndGlobalSection
	GlobalSection(SolutionProperties) = preSolution
		HideSolutionNode = FALSE
	EndGlobalSection
	GlobalSection(ExtensibilityGlobals) = postSolution
		SolutionGuid = {475DBDC9-49CA-4C8F-AC44-E54C1C22AFFC}
	EndGlobalSection
EndGlobal
