
Microsoft Visual Studio Solution File, Format Version 12.00
# Visual Studio Version 16
VisualStudioVersion = 16.0.30717.126
MinimumVisualStudioVersion = 10.0.40219.1
Project("{FAE04EC0-301F-11D3-BF4B-00C04F79EFBC}") = "RhNetServer", "RhNetServer\RhNetServer.csproj", "{435EBCF4-0E6C-4CC5-A7F7-B0F246ACAEAA}"
EndProject
Global
	GlobalSection(SolutionConfigurationPlatforms) = preSolution
		Debug|Any CPU = Debug|Any CPU
		Release|Any CPU = Release|Any CPU
	EndGlobalSection
	GlobalSection(ProjectConfigurationPlatforms) = postSolution
		{435EBCF4-0E6C-4CC5-A7F7-B0F246ACAEAA}.Debug|Any CPU.ActiveCfg = Debug|Any CPU
		{435EBCF4-0E6C-4CC5-A7F7-B0F246ACAEAA}.Debug|Any CPU.Build.0 = Debug|Any CPU
		{435EBCF4-0E6C-4CC5-A7F7-B0F246ACAEAA}.Release|Any CPU.ActiveCfg = Release|Any CPU
		{435EBCF4-0E6C-4CC5-A7F7-B0F246ACAEAA}.Release|Any CPU.Build.0 = Release|Any CPU
	EndGlobalSection
	GlobalSection(SolutionProperties) = preSolution
		HideSolutionNode = FALSE
	EndGlobalSection
	GlobalSection(ExtensibilityGlobals) = postSolution
		SolutionGuid = {2C7F2831-1E87-4699-8D71-C4947EE4ED6B}
	EndGlobalSection
EndGlobal
